{
  "version": 4,
  "terraform_version": "1.5.7",
  "serial": 23,
  "lineage": "58aba0b4-45bb-a56d-fecd-8b3773fdac2a",
  "outputs": {},
  "resources": [
    {
      "mode": "managed",
      "type": "aws_db_instance",
      "name": "rds_instance",
      "provider": "provider[\"registry.terraform.io/hashicorp/aws\"]",
      "instances": [
        {
          "schema_version": 2,
          "attributes": {
            "address": "my-rds-instance.clu1dlux0zqv.us-east-1.rds.amazonaws.com",
            "allocated_storage": 20,
            "allow_major_version_upgrade": null,
            "apply_immediately": false,
            "arn": "arn:aws:rds:us-east-1:137711334259:db:my-rds-instance",
            "auto_minor_version_upgrade": true,
            "availability_zone": "us-east-1b",
            "backup_retention_period": 0,
            "backup_target": "region",
            "backup_window": "08:17-08:47",
            "blue_green_update": [],
            "ca_cert_identifier": "rds-ca-2019",
            "character_set_name": "",
            "copy_tags_to_snapshot": false,
            "custom_iam_instance_profile": "",
            "customer_owned_ip_enabled": false,
            "db_name": "wordpress_db",
            "db_subnet_group_name": "rds-subnet-group",
            "delete_automated_backups": true,
            "deletion_protection": false,
            "domain": "",
            "domain_iam_role_name": "",
            "enabled_cloudwatch_logs_exports": null,
            "endpoint": "my-rds-instance.clu1dlux0zqv.us-east-1.rds.amazonaws.com:3306",
            "engine": "mysql",
            "engine_version": "5.7",
            "engine_version_actual": "5.7.42",
            "final_snapshot_identifier": "my-final-snapshot",
            "hosted_zone_id": "Z2R2ITUGPM61AM",
            "iam_database_authentication_enabled": false,
            "id": "db-SYS7TJOONE7EAPQWVWCZG25664",
            "identifier": "my-rds-instance",
            "identifier_prefix": "",
            "instance_class": "db.t2.micro",
            "iops": 0,
            "kms_key_id": "",
            "latest_restorable_time": "",
            "license_model": "general-public-license",
            "listener_endpoint": [],
            "maintenance_window": "tue:05:56-tue:06:26",
            "manage_master_user_password": null,
            "master_user_secret": [],
            "master_user_secret_kms_key_id": null,
            "max_allocated_storage": 0,
            "monitoring_interval": 0,
            "monitoring_role_arn": "",
            "multi_az": false,
            "nchar_character_set_name": "",
            "network_type": "IPV4",
            "option_group_name": "default:mysql-5-7",
            "parameter_group_name": "default.mysql5.7",
            "password": "maniraju$",
            "performance_insights_enabled": false,
            "performance_insights_kms_key_id": "",
            "performance_insights_retention_period": 0,
            "port": 3306,
            "publicly_accessible": false,
            "replica_mode": "",
            "replicas": [],
            "replicate_source_db": "",
            "resource_id": "db-SYS7TJOONE7EAPQWVWCZG25664",
            "restore_to_point_in_time": [],
            "s3_import": [],
            "skip_final_snapshot": true,
            "snapshot_identifier": null,
            "status": "available",
            "storage_encrypted": false,
            "storage_throughput": 0,
            "storage_type": "gp2",
            "tags": {
              "Name": "RDS Instance"
            },
            "tags_all": {
              "Name": "RDS Instance"
            },
            "timeouts": null,
            "timezone": "",
            "username": "manikanta",
            "vpc_security_group_ids": [
              "sg-09db9cb61e86386ca"
            ]
          },
          "sensitive_attributes": [],
          "private": "eyJlMmJmYjczMC1lY2FhLTExZTYtOGY4OC0zNDM2M2JjN2M0YzAiOnsiY3JlYXRlIjoyNDAwMDAwMDAwMDAwLCJkZWxldGUiOjM2MDAwMDAwMDAwMDAsInVwZGF0ZSI6NDgwMDAwMDAwMDAwMH0sInNjaGVtYV92ZXJzaW9uIjoiMiJ9",
          "dependencies": [
            "aws_db_subnet_group.rds_subnet_group",
            "aws_security_group.rds_security_group",
            "aws_subnet.private1",
            "aws_subnet.private2",
            "aws_vpc.this"
          ]
        }
      ]
    },
    {
      "mode": "managed",
      "type": "aws_db_subnet_group",
      "name": "rds_subnet_group",
      "provider": "provider[\"registry.terraform.io/hashicorp/aws\"]",
      "instances": [
        {
          "schema_version": 0,
          "attributes": {
            "arn": "arn:aws:rds:us-east-1:137711334259:subgrp:rds-subnet-group",
            "description": "Managed by Terraform",
            "id": "rds-subnet-group",
            "name": "rds-subnet-group",
            "name_prefix": "",
            "subnet_ids": [
              "subnet-019e9fc0141c5ec46",
              "subnet-07168fc7b03c8f368"
            ],
            "supported_network_types": [
              "IPV4"
            ],
            "tags": null,
            "tags_all": {},
            "vpc_id": "vpc-0c0c4fa224d7c8851"
          },
          "sensitive_attributes": [],
          "private": "bnVsbA==",
          "dependencies": [
            "aws_subnet.private1",
            "aws_subnet.private2",
            "aws_vpc.this"
          ]
        }
      ]
    },
    {
      "mode": "managed",
      "type": "aws_eip",
      "name": "eip",
      "provider": "provider[\"registry.terraform.io/hashicorp/aws\"]",
      "instances": [
        {
          "schema_version": 0,
          "attributes": {
            "address": null,
            "allocation_id": "eipalloc-060b2156882677ecc",
            "associate_with_private_ip": null,
            "association_id": "",
            "carrier_ip": "",
            "customer_owned_ip": "",
            "customer_owned_ipv4_pool": "",
            "domain": "vpc",
            "id": "eipalloc-060b2156882677ecc",
            "instance": "",
            "network_border_group": "us-east-1",
            "network_interface": "",
            "private_dns": null,
            "private_ip": "",
            "public_dns": "ec2-34-224-178-221.compute-1.amazonaws.com",
            "public_ip": "34.224.178.221",
            "public_ipv4_pool": "amazon",
            "tags": null,
            "tags_all": {},
            "timeouts": null,
            "vpc": true
          },
          "sensitive_attributes": [],
          "private": "eyJlMmJmYjczMC1lY2FhLTExZTYtOGY4OC0zNDM2M2JjN2M0YzAiOnsiZGVsZXRlIjoxODAwMDAwMDAwMDAsInJlYWQiOjkwMDAwMDAwMDAwMCwidXBkYXRlIjozMDAwMDAwMDAwMDB9fQ=="
        }
      ]
    },
    {
      "mode": "managed",
      "type": "aws_instance",
      "name": "wordpress",
      "provider": "provider[\"registry.terraform.io/hashicorp/aws\"]",
      "instances": [
        {
          "schema_version": 1,
          "attributes": {
            "ami": "ami-053b0d53c279acc90",
            "arn": "arn:aws:ec2:us-east-1:137711334259:instance/i-03ccd19ab3bb748d0",
            "associate_public_ip_address": true,
            "availability_zone": "us-east-1a",
            "capacity_reservation_specification": [
              {
                "capacity_reservation_preference": "open",
                "capacity_reservation_target": []
              }
            ],
            "cpu_core_count": 1,
            "cpu_options": [
              {
                "amd_sev_snp": "",
                "core_count": 1,
                "threads_per_core": 1
              }
            ],
            "cpu_threads_per_core": 1,
            "credit_specification": [
              {
                "cpu_credits": "standard"
              }
            ],
            "disable_api_stop": false,
            "disable_api_termination": false,
            "ebs_block_device": [],
            "ebs_optimized": false,
            "enclave_options": [
              {
                "enabled": false
              }
            ],
            "ephemeral_block_device": [],
            "get_password_data": false,
            "hibernation": false,
            "host_id": "",
            "host_resource_group_arn": null,
            "iam_instance_profile": "",
            "id": "i-03ccd19ab3bb748d0",
            "instance_initiated_shutdown_behavior": "stop",
            "instance_lifecycle": "",
            "instance_market_options": [],
            "instance_state": "running",
            "instance_type": "t2.micro",
            "ipv6_address_count": 0,
            "ipv6_addresses": [],
            "key_name": "mani",
            "launch_template": [],
            "maintenance_options": [
              {
                "auto_recovery": "default"
              }
            ],
            "metadata_options": [
              {
                "http_endpoint": "enabled",
                "http_put_response_hop_limit": 1,
                "http_tokens": "optional",
                "instance_metadata_tags": "disabled"
              }
            ],
            "monitoring": false,
            "network_interface": [],
            "outpost_arn": "",
            "password_data": "",
            "placement_group": "",
            "placement_partition_number": 0,
            "primary_network_interface_id": "eni-04a4ee76b333f84b8",
            "private_dns": "ip-10-100-1-64.ec2.internal",
            "private_dns_name_options": [
              {
                "enable_resource_name_dns_a_record": false,
                "enable_resource_name_dns_aaaa_record": false,
                "hostname_type": "ip-name"
              }
            ],
            "private_ip": "10.100.1.64",
            "public_dns": "",
            "public_ip": "44.198.174.168",
            "root_block_device": [
              {
                "delete_on_termination": true,
                "device_name": "/dev/sda1",
                "encrypted": false,
                "iops": 100,
                "kms_key_id": "",
                "tags": {},
                "throughput": 0,
                "volume_id": "vol-0840ccf044f923db4",
                "volume_size": 8,
                "volume_type": "gp2"
              }
            ],
            "secondary_private_ips": [],
            "security_groups": [
              "sg-0f0f117fe5ecf1a14"
            ],
            "source_dest_check": true,
            "spot_instance_request_id": "",
            "subnet_id": "subnet-0b63f42035e49e75a",
            "tags": null,
            "tags_all": {},
            "tenancy": "default",
            "timeouts": null,
            "user_data": null,
            "user_data_base64": null,
            "user_data_replace_on_change": false,
            "volume_tags": null,
            "vpc_security_group_ids": [
              "sg-0f0f117fe5ecf1a14"
            ]
          },
          "sensitive_attributes": [],
          "private": "eyJlMmJmYjczMC1lY2FhLTExZTYtOGY4OC0zNDM2M2JjN2M0YzAiOnsiY3JlYXRlIjo2MDAwMDAwMDAwMDAsImRlbGV0ZSI6MTIwMDAwMDAwMDAwMCwidXBkYXRlIjo2MDAwMDAwMDAwMDB9LCJzY2hlbWFfdmVyc2lvbiI6IjEifQ==",
          "dependencies": [
            "aws_security_group.allow_ssh",
            "aws_subnet.public1",
            "aws_vpc.this"
          ]
        }
      ]
    },
    {
      "mode": "managed",
      "type": "aws_internet_gateway",
      "name": "igw",
      "provider": "provider[\"registry.terraform.io/hashicorp/aws\"]",
      "instances": [
        {
          "schema_version": 0,
          "attributes": {
            "arn": "arn:aws:ec2:us-east-1:137711334259:internet-gateway/igw-065657a117dc440f1",
            "id": "igw-065657a117dc440f1",
            "owner_id": "137711334259",
            "tags": {
              "Name": "upgrad-igw"
            },
            "tags_all": {
              "Name": "upgrad-igw"
            },
            "timeouts": null,
            "vpc_id": "vpc-0c0c4fa224d7c8851"
          },
          "sensitive_attributes": [],
          "private": "eyJlMmJmYjczMC1lY2FhLTExZTYtOGY4OC0zNDM2M2JjN2M0YzAiOnsiY3JlYXRlIjoxMjAwMDAwMDAwMDAwLCJkZWxldGUiOjEyMDAwMDAwMDAwMDAsInVwZGF0ZSI6MTIwMDAwMDAwMDAwMH19",
          "dependencies": [
            "aws_vpc.this"
          ]
        }
      ]
    },
    {
      "mode": "managed",
      "type": "aws_key_pair",
      "name": "deployer",
      "provider": "provider[\"registry.terraform.io/hashicorp/aws\"]",
      "instances": [
        {
          "schema_version": 1,
          "attributes": {
            "arn": "arn:aws:ec2:us-east-1:137711334259:key-pair/task3-key",
            "fingerprint": "1c:a1:9c:33:37:02:fd:4a:53:27:d5:22:62:23:89:4c",
            "id": "task3-key",
            "key_name": "task3-key",
            "key_name_prefix": "",
            "key_pair_id": "key-02b2e6dc9f2160f93",
            "key_type": "rsa",
            "public_key": "ssh-rsa AAAAB3NzaC1yc2EAAAADAQABAAABAQCjb4buNtT9gJiYRxpx9udhO2fg1U9hNdVGy66EzewaLM76zQfQTqkHRvAyJgYnlIdvYVm4MvsXflxT67ZYSm9Us5rlN1vUc+FFNry4/GHVaFoGGkC5/SLqKky8G4zvn3wR4SDqZiTfXQXgJ+tCMGybDFP0gvSSFdoQBHrkv/nkOyG9N0wyfZQfFyQ35cMT2Onj1DTkYFw3kzHoCcv9wNckA37R62GYjaELUGURZl5r42POSMX8xDc2GWixmp0Sqf8GJRSropBIg72PzKyH77V41prpjk6wSWVo7r+fcpMnHC1dF01PIxVyuktIkD4s0a/drJyP39zcQATb63ZrL9MZ",
            "tags": null,
            "tags_all": {}
          },
          "sensitive_attributes": [],
          "private": "eyJzY2hlbWFfdmVyc2lvbiI6IjEifQ==",
          "dependencies": [
            "tls_private_key.mani"
          ]
        }
      ]
    },
    {
      "mode": "managed",
      "type": "aws_nat_gateway",
      "name": "nat",
      "provider": "provider[\"registry.terraform.io/hashicorp/aws\"]",
      "instances": [
        {
          "schema_version": 0,
          "attributes": {
            "allocation_id": "eipalloc-060b2156882677ecc",
            "association_id": "eipassoc-0d17b928552c87e56",
            "connectivity_type": "public",
            "id": "nat-01971264dff979a82",
            "network_interface_id": "eni-0b1dec1f7c6d43bb8",
            "private_ip": "10.100.1.52",
            "public_ip": "34.224.178.221",
            "secondary_allocation_ids": null,
            "secondary_private_ip_address_count": 0,
            "secondary_private_ip_addresses": [],
            "subnet_id": "subnet-0b63f42035e49e75a",
            "tags": {
              "Name": "upgrad-nat"
            },
            "tags_all": {
              "Name": "upgrad-nat"
            },
            "timeouts": null
          },
          "sensitive_attributes": [],
          "private": "eyJlMmJmYjczMC1lY2FhLTExZTYtOGY4OC0zNDM2M2JjN2M0YzAiOnsiY3JlYXRlIjo2MDAwMDAwMDAwMDAsImRlbGV0ZSI6MTgwMDAwMDAwMDAwMCwidXBkYXRlIjo2MDAwMDAwMDAwMDB9fQ==",
          "dependencies": [
            "aws_eip.eip",
            "aws_subnet.public1",
            "aws_vpc.this"
          ]
        }
      ]
    },
    {
      "mode": "managed",
      "type": "aws_route_table",
      "name": "private",
      "provider": "provider[\"registry.terraform.io/hashicorp/aws\"]",
      "instances": [
        {
          "schema_version": 0,
          "attributes": {
            "arn": "arn:aws:ec2:us-east-1:137711334259:route-table/rtb-07b98624b5cb31084",
            "id": "rtb-07b98624b5cb31084",
            "owner_id": "137711334259",
            "propagating_vgws": [],
            "route": [
              {
                "carrier_gateway_id": "",
                "cidr_block": "0.0.0.0/0",
                "core_network_arn": "",
                "destination_prefix_list_id": "",
                "egress_only_gateway_id": "",
                "gateway_id": "",
                "ipv6_cidr_block": "",
                "local_gateway_id": "",
                "nat_gateway_id": "nat-01971264dff979a82",
                "network_interface_id": "",
                "transit_gateway_id": "",
                "vpc_endpoint_id": "",
                "vpc_peering_connection_id": ""
              }
            ],
            "tags": {
              "Name": "private-rt"
            },
            "tags_all": {
              "Name": "private-rt"
            },
            "timeouts": null,
            "vpc_id": "vpc-0c0c4fa224d7c8851"
          },
          "sensitive_attributes": [],
          "private": "eyJlMmJmYjczMC1lY2FhLTExZTYtOGY4OC0zNDM2M2JjN2M0YzAiOnsiY3JlYXRlIjozMDAwMDAwMDAwMDAsImRlbGV0ZSI6MzAwMDAwMDAwMDAwLCJ1cGRhdGUiOjEyMDAwMDAwMDAwMH19",
          "dependencies": [
            "aws_eip.eip",
            "aws_nat_gateway.nat",
            "aws_subnet.public1",
            "aws_vpc.this"
          ]
        }
      ]
    },
    {
      "mode": "managed",
      "type": "aws_route_table",
      "name": "public",
      "provider": "provider[\"registry.terraform.io/hashicorp/aws\"]",
      "instances": [
        {
          "schema_version": 0,
          "attributes": {
            "arn": "arn:aws:ec2:us-east-1:137711334259:route-table/rtb-02fe0faa3f1eb28d8",
            "id": "rtb-02fe0faa3f1eb28d8",
            "owner_id": "137711334259",
            "propagating_vgws": [],
            "route": [
              {
                "carrier_gateway_id": "",
                "cidr_block": "0.0.0.0/0",
                "core_network_arn": "",
                "destination_prefix_list_id": "",
                "egress_only_gateway_id": "",
                "gateway_id": "igw-065657a117dc440f1",
                "ipv6_cidr_block": "",
                "local_gateway_id": "",
                "nat_gateway_id": "",
                "network_interface_id": "",
                "transit_gateway_id": "",
                "vpc_endpoint_id": "",
                "vpc_peering_connection_id": ""
              }
            ],
            "tags": {
              "Name": "public-rt"
            },
            "tags_all": {
              "Name": "public-rt"
            },
            "timeouts": null,
            "vpc_id": "vpc-0c0c4fa224d7c8851"
          },
          "sensitive_attributes": [],
          "private": "eyJlMmJmYjczMC1lY2FhLTExZTYtOGY4OC0zNDM2M2JjN2M0YzAiOnsiY3JlYXRlIjozMDAwMDAwMDAwMDAsImRlbGV0ZSI6MzAwMDAwMDAwMDAwLCJ1cGRhdGUiOjEyMDAwMDAwMDAwMH19",
          "dependencies": [
            "aws_internet_gateway.igw",
            "aws_vpc.this"
          ]
        }
      ]
    },
    {
      "mode": "managed",
      "type": "aws_route_table_association",
      "name": "private1",
      "provider": "provider[\"registry.terraform.io/hashicorp/aws\"]",
      "instances": [
        {
          "schema_version": 0,
          "attributes": {
            "gateway_id": "",
            "id": "rtbassoc-092b0baffae959a41",
            "route_table_id": "rtb-07b98624b5cb31084",
            "subnet_id": "subnet-07168fc7b03c8f368",
            "timeouts": null
          },
          "sensitive_attributes": [],
          "private": "eyJlMmJmYjczMC1lY2FhLTExZTYtOGY4OC0zNDM2M2JjN2M0YzAiOnsiY3JlYXRlIjozMDAwMDAwMDAwMDAsImRlbGV0ZSI6MzAwMDAwMDAwMDAwLCJ1cGRhdGUiOjEyMDAwMDAwMDAwMH19",
          "dependencies": [
            "aws_eip.eip",
            "aws_nat_gateway.nat",
            "aws_route_table.private",
            "aws_subnet.private1",
            "aws_subnet.public1",
            "aws_vpc.this"
          ]
        }
      ]
    },
    {
      "mode": "managed",
      "type": "aws_route_table_association",
      "name": "private2",
      "provider": "provider[\"registry.terraform.io/hashicorp/aws\"]",
      "instances": [
        {
          "schema_version": 0,
          "attributes": {
            "gateway_id": "",
            "id": "rtbassoc-0b70a2ce395f74c05",
            "route_table_id": "rtb-07b98624b5cb31084",
            "subnet_id": "subnet-019e9fc0141c5ec46",
            "timeouts": null
          },
          "sensitive_attributes": [],
          "private": "eyJlMmJmYjczMC1lY2FhLTExZTYtOGY4OC0zNDM2M2JjN2M0YzAiOnsiY3JlYXRlIjozMDAwMDAwMDAwMDAsImRlbGV0ZSI6MzAwMDAwMDAwMDAwLCJ1cGRhdGUiOjEyMDAwMDAwMDAwMH19",
          "dependencies": [
            "aws_eip.eip",
            "aws_nat_gateway.nat",
            "aws_route_table.private",
            "aws_subnet.private2",
            "aws_subnet.public1",
            "aws_vpc.this"
          ]
        }
      ]
    },
    {
      "mode": "managed",
      "type": "aws_route_table_association",
      "name": "public1",
      "provider": "provider[\"registry.terraform.io/hashicorp/aws\"]",
      "instances": [
        {
          "schema_version": 0,
          "attributes": {
            "gateway_id": "",
            "id": "rtbassoc-0394bc4267d780a6d",
            "route_table_id": "rtb-02fe0faa3f1eb28d8",
            "subnet_id": "subnet-0b63f42035e49e75a",
            "timeouts": null
          },
          "sensitive_attributes": [],
          "private": "eyJlMmJmYjczMC1lY2FhLTExZTYtOGY4OC0zNDM2M2JjN2M0YzAiOnsiY3JlYXRlIjozMDAwMDAwMDAwMDAsImRlbGV0ZSI6MzAwMDAwMDAwMDAwLCJ1cGRhdGUiOjEyMDAwMDAwMDAwMH19",
          "dependencies": [
            "aws_internet_gateway.igw",
            "aws_route_table.public",
            "aws_subnet.public1",
            "aws_vpc.this"
          ]
        }
      ]
    },
    {
      "mode": "managed",
      "type": "aws_route_table_association",
      "name": "public2",
      "provider": "provider[\"registry.terraform.io/hashicorp/aws\"]",
      "instances": [
        {
          "schema_version": 0,
          "attributes": {
            "gateway_id": "",
            "id": "rtbassoc-08640ce51da4d85a4",
            "route_table_id": "rtb-02fe0faa3f1eb28d8",
            "subnet_id": "subnet-015ff5d5b8aa21fc8",
            "timeouts": null
          },
          "sensitive_attributes": [],
          "private": "eyJlMmJmYjczMC1lY2FhLTExZTYtOGY4OC0zNDM2M2JjN2M0YzAiOnsiY3JlYXRlIjozMDAwMDAwMDAwMDAsImRlbGV0ZSI6MzAwMDAwMDAwMDAwLCJ1cGRhdGUiOjEyMDAwMDAwMDAwMH19",
          "dependencies": [
            "aws_internet_gateway.igw",
            "aws_route_table.public",
            "aws_subnet.public2",
            "aws_vpc.this"
          ]
        }
      ]
    },
    {
      "mode": "managed",
      "type": "aws_security_group",
      "name": "allow_ssh",
      "provider": "provider[\"registry.terraform.io/hashicorp/aws\"]",
      "instances": [
        {
          "schema_version": 1,
          "attributes": {
            "arn": "arn:aws:ec2:us-east-1:137711334259:security-group/sg-0f0f117fe5ecf1a14",
            "description": "Allow SSH inbound traffic",
            "egress": [
              {
                "cidr_blocks": [
                  "0.0.0.0/0"
                ],
                "description": "",
                "from_port": 0,
                "ipv6_cidr_blocks": [
                  "::/0"
                ],
                "prefix_list_ids": [],
                "protocol": "-1",
                "security_groups": [],
                "self": false,
                "to_port": 0
              }
            ],
            "id": "sg-0f0f117fe5ecf1a14",
            "ingress": [
              {
                "cidr_blocks": [
                  "0.0.0.0/0"
                ],
                "description": "Allow HTTP",
                "from_port": 80,
                "ipv6_cidr_blocks": [],
                "prefix_list_ids": [],
                "protocol": "tcp",
                "security_groups": [],
                "self": false,
                "to_port": 80
              },
              {
                "cidr_blocks": [
                  "0.0.0.0/0"
                ],
                "description": "Allow SSH",
                "from_port": 22,
                "ipv6_cidr_blocks": [],
                "prefix_list_ids": [],
                "protocol": "tcp",
                "security_groups": [],
                "self": false,
                "to_port": 22
              }
            ],
            "name": "allow_ssh",
            "name_prefix": "",
            "owner_id": "137711334259",
            "revoke_rules_on_delete": false,
            "tags": {
              "Name": "allow_ssh"
            },
            "tags_all": {
              "Name": "allow_ssh"
            },
            "timeouts": null,
            "vpc_id": "vpc-0c0c4fa224d7c8851"
          },
          "sensitive_attributes": [],
          "private": "eyJlMmJmYjczMC1lY2FhLTExZTYtOGY4OC0zNDM2M2JjN2M0YzAiOnsiY3JlYXRlIjo2MDAwMDAwMDAwMDAsImRlbGV0ZSI6OTAwMDAwMDAwMDAwfSwic2NoZW1hX3ZlcnNpb24iOiIxIn0=",
          "dependencies": [
            "aws_vpc.this"
          ]
        }
      ]
    },
    {
      "mode": "managed",
      "type": "aws_security_group",
      "name": "rds_security_group",
      "provider": "provider[\"registry.terraform.io/hashicorp/aws\"]",
      "instances": [
        {
          "schema_version": 1,
          "attributes": {
            "arn": "arn:aws:ec2:us-east-1:137711334259:security-group/sg-09db9cb61e86386ca",
            "description": "Security group for RDS instance",
            "egress": [],
            "id": "sg-09db9cb61e86386ca",
            "ingress": [
              {
                "cidr_blocks": [
                  "10.100.0.0/16"
                ],
                "description": "",
                "from_port": 3306,
                "ipv6_cidr_blocks": [],
                "prefix_list_ids": [],
                "protocol": "tcp",
                "security_groups": [],
                "self": false,
                "to_port": 3306
              }
            ],
            "name": "rds-security-group",
            "name_prefix": "",
            "owner_id": "137711334259",
            "revoke_rules_on_delete": false,
            "tags": {
              "Name": "RDS Security Group"
            },
            "tags_all": {
              "Name": "RDS Security Group"
            },
            "timeouts": null,
            "vpc_id": "vpc-0c0c4fa224d7c8851"
          },
          "sensitive_attributes": [],
          "private": "eyJlMmJmYjczMC1lY2FhLTExZTYtOGY4OC0zNDM2M2JjN2M0YzAiOnsiY3JlYXRlIjo2MDAwMDAwMDAwMDAsImRlbGV0ZSI6OTAwMDAwMDAwMDAwfSwic2NoZW1hX3ZlcnNpb24iOiIxIn0=",
          "dependencies": [
            "aws_vpc.this"
          ]
        }
      ]
    },
    {
      "mode": "managed",
      "type": "aws_subnet",
      "name": "private1",
      "provider": "provider[\"registry.terraform.io/hashicorp/aws\"]",
      "instances": [
        {
          "schema_version": 1,
          "attributes": {
            "arn": "arn:aws:ec2:us-east-1:137711334259:subnet/subnet-07168fc7b03c8f368",
            "assign_ipv6_address_on_creation": false,
            "availability_zone": "us-east-1a",
            "availability_zone_id": "use1-az1",
            "cidr_block": "10.100.3.0/24",
            "customer_owned_ipv4_pool": "",
            "enable_dns64": false,
            "enable_lni_at_device_index": 0,
            "enable_resource_name_dns_a_record_on_launch": false,
            "enable_resource_name_dns_aaaa_record_on_launch": false,
            "id": "subnet-07168fc7b03c8f368",
            "ipv6_cidr_block": "",
            "ipv6_cidr_block_association_id": "",
            "ipv6_native": false,
            "map_customer_owned_ip_on_launch": false,
            "map_public_ip_on_launch": false,
            "outpost_arn": "",
            "owner_id": "137711334259",
            "private_dns_hostname_type_on_launch": "ip-name",
            "tags": {
              "Name": "upgrad-private-1"
            },
            "tags_all": {
              "Name": "upgrad-private-1"
            },
            "timeouts": null,
            "vpc_id": "vpc-0c0c4fa224d7c8851"
          },
          "sensitive_attributes": [],
          "private": "eyJlMmJmYjczMC1lY2FhLTExZTYtOGY4OC0zNDM2M2JjN2M0YzAiOnsiY3JlYXRlIjo2MDAwMDAwMDAwMDAsImRlbGV0ZSI6MTIwMDAwMDAwMDAwMH0sInNjaGVtYV92ZXJzaW9uIjoiMSJ9",
          "dependencies": [
            "aws_vpc.this"
          ]
        }
      ]
    },
    {
      "mode": "managed",
      "type": "aws_subnet",
      "name": "private2",
      "provider": "provider[\"registry.terraform.io/hashicorp/aws\"]",
      "instances": [
        {
          "schema_version": 1,
          "attributes": {
            "arn": "arn:aws:ec2:us-east-1:137711334259:subnet/subnet-019e9fc0141c5ec46",
            "assign_ipv6_address_on_creation": false,
            "availability_zone": "us-east-1b",
            "availability_zone_id": "use1-az2",
            "cidr_block": "10.100.4.0/24",
            "customer_owned_ipv4_pool": "",
            "enable_dns64": false,
            "enable_lni_at_device_index": 0,
            "enable_resource_name_dns_a_record_on_launch": false,
            "enable_resource_name_dns_aaaa_record_on_launch": false,
            "id": "subnet-019e9fc0141c5ec46",
            "ipv6_cidr_block": "",
            "ipv6_cidr_block_association_id": "",
            "ipv6_native": false,
            "map_customer_owned_ip_on_launch": false,
            "map_public_ip_on_launch": false,
            "outpost_arn": "",
            "owner_id": "137711334259",
            "private_dns_hostname_type_on_launch": "ip-name",
            "tags": {
              "Name": "upgrad-private-2"
            },
            "tags_all": {
              "Name": "upgrad-private-2"
            },
            "timeouts": null,
            "vpc_id": "vpc-0c0c4fa224d7c8851"
          },
          "sensitive_attributes": [],
          "private": "eyJlMmJmYjczMC1lY2FhLTExZTYtOGY4OC0zNDM2M2JjN2M0YzAiOnsiY3JlYXRlIjo2MDAwMDAwMDAwMDAsImRlbGV0ZSI6MTIwMDAwMDAwMDAwMH0sInNjaGVtYV92ZXJzaW9uIjoiMSJ9",
          "dependencies": [
            "aws_vpc.this"
          ]
        }
      ]
    },
    {
      "mode": "managed",
      "type": "aws_subnet",
      "name": "public1",
      "provider": "provider[\"registry.terraform.io/hashicorp/aws\"]",
      "instances": [
        {
          "schema_version": 1,
          "attributes": {
            "arn": "arn:aws:ec2:us-east-1:137711334259:subnet/subnet-0b63f42035e49e75a",
            "assign_ipv6_address_on_creation": false,
            "availability_zone": "us-east-1a",
            "availability_zone_id": "use1-az1",
            "cidr_block": "10.100.1.0/24",
            "customer_owned_ipv4_pool": "",
            "enable_dns64": false,
            "enable_lni_at_device_index": 0,
            "enable_resource_name_dns_a_record_on_launch": false,
            "enable_resource_name_dns_aaaa_record_on_launch": false,
            "id": "subnet-0b63f42035e49e75a",
            "ipv6_cidr_block": "",
            "ipv6_cidr_block_association_id": "",
            "ipv6_native": false,
            "map_customer_owned_ip_on_launch": false,
            "map_public_ip_on_launch": false,
            "outpost_arn": "",
            "owner_id": "137711334259",
            "private_dns_hostname_type_on_launch": "ip-name",
            "tags": {
              "Name": "upgrad-public-1"
            },
            "tags_all": {
              "Name": "upgrad-public-1"
            },
            "timeouts": null,
            "vpc_id": "vpc-0c0c4fa224d7c8851"
          },
          "sensitive_attributes": [],
          "private": "eyJlMmJmYjczMC1lY2FhLTExZTYtOGY4OC0zNDM2M2JjN2M0YzAiOnsiY3JlYXRlIjo2MDAwMDAwMDAwMDAsImRlbGV0ZSI6MTIwMDAwMDAwMDAwMH0sInNjaGVtYV92ZXJzaW9uIjoiMSJ9",
          "dependencies": [
            "aws_vpc.this"
          ]
        }
      ]
    },
    {
      "mode": "managed",
      "type": "aws_subnet",
      "name": "public2",
      "provider": "provider[\"registry.terraform.io/hashicorp/aws\"]",
      "instances": [
        {
          "schema_version": 1,
          "attributes": {
            "arn": "arn:aws:ec2:us-east-1:137711334259:subnet/subnet-015ff5d5b8aa21fc8",
            "assign_ipv6_address_on_creation": false,
            "availability_zone": "us-east-1b",
            "availability_zone_id": "use1-az2",
            "cidr_block": "10.100.2.0/24",
            "customer_owned_ipv4_pool": "",
            "enable_dns64": false,
            "enable_lni_at_device_index": 0,
            "enable_resource_name_dns_a_record_on_launch": false,
            "enable_resource_name_dns_aaaa_record_on_launch": false,
            "id": "subnet-015ff5d5b8aa21fc8",
            "ipv6_cidr_block": "",
            "ipv6_cidr_block_association_id": "",
            "ipv6_native": false,
            "map_customer_owned_ip_on_launch": false,
            "map_public_ip_on_launch": false,
            "outpost_arn": "",
            "owner_id": "137711334259",
            "private_dns_hostname_type_on_launch": "ip-name",
            "tags": {
              "Name": "upgrad-public-2"
            },
            "tags_all": {
              "Name": "upgrad-public-2"
            },
            "timeouts": null,
            "vpc_id": "vpc-0c0c4fa224d7c8851"
          },
          "sensitive_attributes": [],
          "private": "eyJlMmJmYjczMC1lY2FhLTExZTYtOGY4OC0zNDM2M2JjN2M0YzAiOnsiY3JlYXRlIjo2MDAwMDAwMDAwMDAsImRlbGV0ZSI6MTIwMDAwMDAwMDAwMH0sInNjaGVtYV92ZXJzaW9uIjoiMSJ9",
          "dependencies": [
            "aws_vpc.this"
          ]
        }
      ]
    },
    {
      "mode": "managed",
      "type": "aws_vpc",
      "name": "this",
      "provider": "provider[\"registry.terraform.io/hashicorp/aws\"]",
      "instances": [
        {
          "schema_version": 1,
          "attributes": {
            "arn": "arn:aws:ec2:us-east-1:137711334259:vpc/vpc-0c0c4fa224d7c8851",
            "assign_generated_ipv6_cidr_block": false,
            "cidr_block": "10.100.0.0/16",
            "default_network_acl_id": "acl-004905a5b12420c46",
            "default_route_table_id": "rtb-051b785f5c7e1e135",
            "default_security_group_id": "sg-088e37bfddc0711f4",
            "dhcp_options_id": "dopt-05ccaa557fbe06d29",
            "enable_dns_hostnames": false,
            "enable_dns_support": true,
            "enable_network_address_usage_metrics": false,
            "id": "vpc-0c0c4fa224d7c8851",
            "instance_tenancy": "default",
            "ipv4_ipam_pool_id": null,
            "ipv4_netmask_length": null,
            "ipv6_association_id": "",
            "ipv6_cidr_block": "",
            "ipv6_cidr_block_network_border_group": "",
            "ipv6_ipam_pool_id": "",
            "ipv6_netmask_length": 0,
            "main_route_table_id": "rtb-051b785f5c7e1e135",
            "owner_id": "137711334259",
            "tags": {
              "Name": "upgrad-vpc"
            },
            "tags_all": {
              "Name": "upgrad-vpc"
            }
          },
          "sensitive_attributes": [],
          "private": "eyJzY2hlbWFfdmVyc2lvbiI6IjEifQ=="
        }
      ]
    },
    {
      "mode": "managed",
      "type": "null_resource",
      "name": "save_key_pair",
      "provider": "provider[\"registry.terraform.io/hashicorp/null\"]",
      "instances": [
        {
          "schema_version": 0,
          "attributes": {
            "id": "3768823932371609703",
            "triggers": null
          },
          "sensitive_attributes": [],
          "dependencies": [
            "tls_private_key.mani"
          ]
        }
      ]
    },
    {
      "mode": "managed",
      "type": "tls_private_key",
      "name": "mani",
      "provider": "provider[\"registry.terraform.io/hashicorp/tls\"]",
      "instances": [
        {
          "schema_version": 1,
          "attributes": {
            "algorithm": "RSA",
            "ecdsa_curve": "P224",
            "id": "609acbfa0d5b08ad13f7f480c0e0d7033d117737",
            "private_key_openssh": "-----BEGIN OPENSSH PRIVATE KEY-----\nb3BlbnNzaC1rZXktdjEAAAAABG5vbmUAAAAEbm9uZQAAAAAAAAABAAABFwAAAAdz\nc2gtcnNhAAAAAwEAAQAAAQEAo2+G7jbU/YCYmEcacfbnYTtn4NVPYTXVRsuuhM3s\nGizO+s0H0E6pB0bwMiYGJ5SHb2FZuDL7F35cU+u2WEpvVLOa5Tdb1HPhRTa8uPxh\n1WhaBhpAuf0i6ipMvBuM7598EeEg6mYk310F4CfrQjBsmwxT9IL0khXaEAR65L/5\n5DshvTdMMn2UHxckN+XDE9jp49Q05GBcN5Mx6AnL/cDXJAN+0ethmI2hC1BlEWZe\na+NjzkjF/MQ3NhlosZqdEqn/BiUUq6KQSIO9j8ysh++1eNaa6Y5OsEllaO6/n3KT\nJxwtXRdNTyMVcrpLSJA+LNGv3aycj9/c3EAE2+t2ay/TGQAAA7i0orlvtKK5bwAA\nAAdzc2gtcnNhAAABAQCjb4buNtT9gJiYRxpx9udhO2fg1U9hNdVGy66EzewaLM76\nzQfQTqkHRvAyJgYnlIdvYVm4MvsXflxT67ZYSm9Us5rlN1vUc+FFNry4/GHVaFoG\nGkC5/SLqKky8G4zvn3wR4SDqZiTfXQXgJ+tCMGybDFP0gvSSFdoQBHrkv/nkOyG9\nN0wyfZQfFyQ35cMT2Onj1DTkYFw3kzHoCcv9wNckA37R62GYjaELUGURZl5r42PO\nSMX8xDc2GWixmp0Sqf8GJRSropBIg72PzKyH77V41prpjk6wSWVo7r+fcpMnHC1d\nF01PIxVyuktIkD4s0a/drJyP39zcQATb63ZrL9MZAAAAAwEAAQAAAQBtIX52uDRW\npbS/EdNtv9FWkqVVcvoTTjAAmucIlLwP6lW3EIskJDInws2Gnu9DJKGe1OFk5t3V\nHTInc2CJ6gIXC+rlHab64PnODrPLzfLB3nEmXAdWadoThHVCsh7UrqjZA3vIKLZ8\nU5Al0mH8C3upuHyi64LFvUOjqGorLql9JJFJzGTVa9mnXy1hxX1RjqfQKzrTrQ/+\ncYAa5c2FJrhm5jhq8ooyYF54qhwIaQpNYNTMMkU/IwjYpAyxuXE0ERs7jY15I22z\nHqR0g92tb/rXj+MoHg76M6qbaoXI37mGSi8vRovPxZW6OmmbSk4qn+R1YbJeypOV\n0KsRXjI0Chp1AAAAgDA3+Sh2u7Svj+6n7BOIWkhwPpcWm/1ocO3Ry27x1+jtYq8i\nWnb519brpCukYNFlVztyCmlISeLBydx8uBtKrJJxlQsW4reBkWwU65a0VCzh0t8i\ny4Hedbb+fBVVg1eSF65Fg10KS8zdIIfe2FVsGEbP3XrQYIImKoOJYgny4ndJAAAA\ngQDY7wxk2dwxjxSWgKgLQSZdWajFhAGHMxNGqUjxmbMuHMdkYkdX45VDxkhP2ufI\n7vho6xw6ZtIeftCi6M0imhG9UqvSYKYrnd0Hcs8+YvUQjksyF+KmJ5oAUXeaetLA\ng9QA7sjpRivij0LotZl96K0s32untVSmw6DeKsA/uHUw9wAAAIEAwN4jzFOK9LF0\nhh3zFXILa1wbWoKcYyUrNtSBxsI2ft6t4hIeJKt77MfWzfmSlK2ftSTf3gVcwkjj\n7FfAXPv7pUrxKNdwKLOKiNzm3Cgv1hN48tlHsxXyNtdm2g55L/ZM5cW8Q5/YbNJf\nOEfW17sT6LXsiASp7t7jEGFPOn/PKG8AAAAAAQID\n-----END OPENSSH PRIVATE KEY-----\n",
            "private_key_pem": "-----BEGIN RSA PRIVATE KEY-----\nMIIEowIBAAKCAQEAo2+G7jbU/YCYmEcacfbnYTtn4NVPYTXVRsuuhM3sGizO+s0H\n0E6pB0bwMiYGJ5SHb2FZuDL7F35cU+u2WEpvVLOa5Tdb1HPhRTa8uPxh1WhaBhpA\nuf0i6ipMvBuM7598EeEg6mYk310F4CfrQjBsmwxT9IL0khXaEAR65L/55DshvTdM\nMn2UHxckN+XDE9jp49Q05GBcN5Mx6AnL/cDXJAN+0ethmI2hC1BlEWZea+NjzkjF\n/MQ3NhlosZqdEqn/BiUUq6KQSIO9j8ysh++1eNaa6Y5OsEllaO6/n3KTJxwtXRdN\nTyMVcrpLSJA+LNGv3aycj9/c3EAE2+t2ay/TGQIDAQABAoIBAG0hfna4NFaltL8R\n022/0VaSpVVy+hNOMACa5wiUvA/qVbcQiyQkMifCzYae70MkoZ7U4WTm3dUdMidz\nYInqAhcL6uUdpvrg+c4Os8vN8sHecSZcB1Zp2hOEdUKyHtSuqNkDe8gotnxTkCXS\nYfwLe6m4fKLrgsW9Q6OoaisuqX0kkUnMZNVr2adfLWHFfVGOp9ArOtOtD/5xgBrl\nzYUmuGbmOGryijJgXniqHAhpCk1g1MwyRT8jCNikDLG5cTQRGzuNjXkjbbMepHSD\n3a1v+teP4ygeDvozqptqhcjfuYZKLy9Gi8/Flbo6aZtKTiqf5HVhsl7Kk5XQqxFe\nMjQKGnUCgYEA2O8MZNncMY8UloCoC0EmXVmoxYQBhzMTRqlI8ZmzLhzHZGJHV+OV\nQ8ZIT9rnyO74aOscOmbSHn7QoujNIpoRvVKr0mCmK53dB3LPPmL1EI5LMhfipiea\nAFF3mnrSwIPUAO7I6UYr4o9C6LWZfeitLN9rp7VUpsOg3irAP7h1MPcCgYEAwN4j\nzFOK9LF0hh3zFXILa1wbWoKcYyUrNtSBxsI2ft6t4hIeJKt77MfWzfmSlK2ftSTf\n3gVcwkjj7FfAXPv7pUrxKNdwKLOKiNzm3Cgv1hN48tlHsxXyNtdm2g55L/ZM5cW8\nQ5/YbNJfOEfW17sT6LXsiASp7t7jEGFPOn/PKG8CgYEAkOmnKtuJxyVgSGVrXBFK\nUoOpRUA4URtiXgqJqrLUyhH5dGpeZCyoMl0LQyTlPwm7sUKVWcIDzNFEB/9hwSKQ\nhRrrop5jgrFyzB36qR8ru8KCItVn1zyPGHVTY0N285lcjr70QThZ6n9u38sn3L8I\np/gbjy2Hfdsi5CZExIww5OMCgYAeEIK0DzHSAvePEIwcA7MUAT+iVEnciqa53VZ9\njTjBfiTM4NYiETk4J86sPQNEeewzaJQdH+jdwE8HQIaT+BO6KHx/SVYKgjJOM2Ep\nYHpUfKSV9pjeqcUgF2PJCgiKGXLTPoeiYwBxtjlxpIExD9CCrhk4+sEio0vx+blH\n/TRlsQKBgDA3+Sh2u7Svj+6n7BOIWkhwPpcWm/1ocO3Ry27x1+jtYq8iWnb519br\npCukYNFlVztyCmlISeLBydx8uBtKrJJxlQsW4reBkWwU65a0VCzh0t8iy4Hedbb+\nfBVVg1eSF65Fg10KS8zdIIfe2FVsGEbP3XrQYIImKoOJYgny4ndJ\n-----END RSA PRIVATE KEY-----\n",
            "private_key_pem_pkcs8": "-----BEGIN PRIVATE KEY-----\nMIIEvQIBADANBgkqhkiG9w0BAQEFAASCBKcwggSjAgEAAoIBAQCjb4buNtT9gJiY\nRxpx9udhO2fg1U9hNdVGy66EzewaLM76zQfQTqkHRvAyJgYnlIdvYVm4MvsXflxT\n67ZYSm9Us5rlN1vUc+FFNry4/GHVaFoGGkC5/SLqKky8G4zvn3wR4SDqZiTfXQXg\nJ+tCMGybDFP0gvSSFdoQBHrkv/nkOyG9N0wyfZQfFyQ35cMT2Onj1DTkYFw3kzHo\nCcv9wNckA37R62GYjaELUGURZl5r42POSMX8xDc2GWixmp0Sqf8GJRSropBIg72P\nzKyH77V41prpjk6wSWVo7r+fcpMnHC1dF01PIxVyuktIkD4s0a/drJyP39zcQATb\n63ZrL9MZAgMBAAECggEAbSF+drg0VqW0vxHTbb/RVpKlVXL6E04wAJrnCJS8D+pV\ntxCLJCQyJ8LNhp7vQyShntThZObd1R0yJ3NgieoCFwvq5R2m+uD5zg6zy83ywd5x\nJlwHVmnaE4R1QrIe1K6o2QN7yCi2fFOQJdJh/At7qbh8ouuCxb1Do6hqKy6pfSSR\nScxk1WvZp18tYcV9UY6n0Cs6060P/nGAGuXNhSa4ZuY4avKKMmBeeKocCGkKTWDU\nzDJFPyMI2KQMsblxNBEbO42NeSNtsx6kdIPdrW/614/jKB4O+jOqm2qFyN+5hkov\nL0aLz8WVujppm0pOKp/kdWGyXsqTldCrEV4yNAoadQKBgQDY7wxk2dwxjxSWgKgL\nQSZdWajFhAGHMxNGqUjxmbMuHMdkYkdX45VDxkhP2ufI7vho6xw6ZtIeftCi6M0i\nmhG9UqvSYKYrnd0Hcs8+YvUQjksyF+KmJ5oAUXeaetLAg9QA7sjpRivij0LotZl9\n6K0s32untVSmw6DeKsA/uHUw9wKBgQDA3iPMU4r0sXSGHfMVcgtrXBtagpxjJSs2\n1IHGwjZ+3q3iEh4kq3vsx9bN+ZKUrZ+1JN/eBVzCSOPsV8Bc+/ulSvEo13Aos4qI\n3ObcKC/WE3jy2UezFfI212baDnkv9kzlxbxDn9hs0l84R9bXuxPoteyIBKnu3uMQ\nYU86f88obwKBgQCQ6acq24nHJWBIZWtcEUpSg6lFQDhRG2JeComqstTKEfl0al5k\nLKgyXQtDJOU/CbuxQpVZwgPM0UQH/2HBIpCFGuuinmOCsXLMHfqpHyu7woIi1WfX\nPI8YdVNjQ3bzmVyOvvRBOFnqf27fyyfcvwin+BuPLYd92yLkJkTEjDDk4wKBgB4Q\ngrQPMdIC948QjBwDsxQBP6JUSdyKprndVn2NOMF+JMzg1iIROTgnzqw9A0R57DNo\nlB0f6N3ATwdAhpP4E7oofH9JVgqCMk4zYSlgelR8pJX2mN6pxSAXY8kKCIoZctM+\nh6JjAHG2OXGkgTEP0IKuGTj6wSKjS/H5uUf9NGWxAoGAMDf5KHa7tK+P7qfsE4ha\nSHA+lxab/Whw7dHLbvHX6O1iryJadvnX1uukK6Rg0WVXO3IKaUhJ4sHJ3Hy4G0qs\nknGVCxbit4GRbBTrlrRULOHS3yLLgd51tv58FVWDV5IXrkWDXQpLzN0gh97YVWwY\nRs/detBggiYqg4liCfLid0k=\n-----END PRIVATE KEY-----\n",
            "public_key_fingerprint_md5": "31:92:d1:66:db:05:1d:8a:38:75:7a:5d:5d:c7:26:46",
            "public_key_fingerprint_sha256": "SHA256:PG1IEYb5zwgDJFwKXNQ4nNJ07aVZDi7heoiirU22O38",
            "public_key_openssh": "ssh-rsa AAAAB3NzaC1yc2EAAAADAQABAAABAQCjb4buNtT9gJiYRxpx9udhO2fg1U9hNdVGy66EzewaLM76zQfQTqkHRvAyJgYnlIdvYVm4MvsXflxT67ZYSm9Us5rlN1vUc+FFNry4/GHVaFoGGkC5/SLqKky8G4zvn3wR4SDqZiTfXQXgJ+tCMGybDFP0gvSSFdoQBHrkv/nkOyG9N0wyfZQfFyQ35cMT2Onj1DTkYFw3kzHoCcv9wNckA37R62GYjaELUGURZl5r42POSMX8xDc2GWixmp0Sqf8GJRSropBIg72PzKyH77V41prpjk6wSWVo7r+fcpMnHC1dF01PIxVyuktIkD4s0a/drJyP39zcQATb63ZrL9MZ\n",
            "public_key_pem": "-----BEGIN PUBLIC KEY-----\nMIIBIjANBgkqhkiG9w0BAQEFAAOCAQ8AMIIBCgKCAQEAo2+G7jbU/YCYmEcacfbn\nYTtn4NVPYTXVRsuuhM3sGizO+s0H0E6pB0bwMiYGJ5SHb2FZuDL7F35cU+u2WEpv\nVLOa5Tdb1HPhRTa8uPxh1WhaBhpAuf0i6ipMvBuM7598EeEg6mYk310F4CfrQjBs\nmwxT9IL0khXaEAR65L/55DshvTdMMn2UHxckN+XDE9jp49Q05GBcN5Mx6AnL/cDX\nJAN+0ethmI2hC1BlEWZea+NjzkjF/MQ3NhlosZqdEqn/BiUUq6KQSIO9j8ysh++1\neNaa6Y5OsEllaO6/n3KTJxwtXRdNTyMVcrpLSJA+LNGv3aycj9/c3EAE2+t2ay/T\nGQIDAQAB\n-----END PUBLIC KEY-----\n",
            "rsa_bits": 2048
          },
          "sensitive_attributes": []
        }
      ]
    }
  ],
  "check_results": null
}
